<Solution>
  <Folder Name="/src/">
    <Project Path="src/Hmsnet.Api/Hmsnet.Api.csproj" />
    <Project Path="src/Hmsnet.Core/Hmsnet.Core.csproj" />
    <Project Path="src/Hmsnet.Infrastructure/Hmsnet.Infrastructure.csproj" />
    <Project Path="tests/Hmsnet.Tests/Hmsnet.Tests.csproj" />
  </Folder>
</Solution>
